
Microsoft Visual Studio Solution File, Format Version 12.00
# Visual Studio Version 16
VisualStudioVersion = 16.0.32002.261
MinimumVisualStudioVersion = 10.0.40219.1
Project("{FAE04EC0-301F-11D3-BF4B-00C04F79EFBC}") = "ProjectCity", "ProjectCity\ProjectCity.csproj", "{A2C2993C-7DD6-4710-945E-DFE8DEA98420}"
EndProject
Global
	GlobalSection(SolutionConfigurationPlatforms) = preSolution
		Debug|Any CPU = Debug|Any CPU
		Release|Any CPU = Release|Any CPU
	EndGlobalSection
	GlobalSection(ProjectConfigurationPlatforms) = postSolution
		{A2C2993C-7DD6-4710-945E-DFE8DEA98420}.Debug|Any CPU.ActiveCfg = Debug|Any CPU
		{A2C2993C-7DD6-4710-945E-DFE8DEA98420}.Debug|Any CPU.Build.0 = Debug|Any CPU
		{A2C2993C-7DD6-4710-945E-DFE8DEA98420}.Release|Any CPU.ActiveCfg = Release|Any CPU
		{A2C2993C-7DD6-4710-945E-DFE8DEA98420}.Release|Any CPU.Build.0 = Release|Any CPU
	EndGlobalSection
	GlobalSection(SolutionProperties) = preSolution
		HideSolutionNode = FALSE
	EndGlobalSection
	GlobalSection(ExtensibilityGlobals) = postSolution
		SolutionGuid = {995D68ED-F7A9-4279-8C94-18F23355028E}
	EndGlobalSection
EndGlobal
